
Microsoft Visual Studio Solution File, Format Version 12.00
# Visual Studio Version 17
VisualStudioVersion = 17.5.002.0
MinimumVisualStudioVersion = 10.0.40219.1
Project("{2150E333-8FDC-42A3-9474-1A3956D46DE8}") = "Aula1", "Aula1", "{3BF82222-5FDC-4045-BA4D-3F81D3CFB549}"
EndProject
Project("{FAE04EC0-301F-11D3-BF4B-00C04F79EFBC}") = "Exemplo.2", "Exemplo.2\Exemplo.2.csproj", "{3B7C0507-3800-4BC6-B325-15008384BD24}"
EndProject
Project("{FAE04EC0-301F-11D3-BF4B-00C04F79EFBC}") = "Exemplo1", "exemplo.1\Exemplo1.csproj", "{EAA81948-AC1E-44FC-8EC8-CFED90CB7DD7}"
EndProject

Global
	GlobalSection(SolutionConfigurationPlatforms) = preSolution
		Debug|Any CPU = Debug|Any CPU
		Release|Any CPU = Release|Any CPU
	EndGlobalSection
	GlobalSection(ProjectConfigurationPlatforms) = postSolution
		{21361F09-999D-4FAB-B1C7-AD98F0EF255E}.Debug|Any CPU.ActiveCfg = Debug|Any CPU
		{21361F09-999D-4FAB-B1C7-AD98F0EF255E}.Debug|Any CPU.Build.0 = Debug|Any CPU
		{21361F09-999D-4FAB-B1C7-AD98F0EF255E}.Release|Any CPU.ActiveCfg = Release|Any CPU
		{21361F09-999D-4FAB-B1C7-AD98F0EF255E}.Release|Any CPU.Build.0 = Release|Any CPU
		{3B7C0507-3800-4BC6-B325-15008384BD24}.Debug|Any CPU.ActiveCfg = Debug|Any CPU
		{3B7C0507-3800-4BC6-B325-15008384BD24}.Debug|Any CPU.Build.0 = Debug|Any CPU
		{3B7C0507-3800-4BC6-B325-15008384BD24}.Release|Any CPU.ActiveCfg = Release|Any CPU
		{3B7C0507-3800-4BC6-B325-15008384BD24}.Release|Any CPU.Build.0 = Release|Any CPU
		{EAA81948-AC1E-44FC-8EC8-CFED90CB7DD7}.Debug|Any CPU.ActiveCfg = Debug|Any CPU
		{EAA81948-AC1E-44FC-8EC8-CFED90CB7DD7}.Debug|Any CPU.Build.0 = Debug|Any CPU
		{EAA81948-AC1E-44FC-8EC8-CFED90CB7DD7}.Release|Any CPU.ActiveCfg = Release|Any CPU
		{EAA81948-AC1E-44FC-8EC8-CFED90CB7DD7}.Release|Any CPU.Build.0 = Release|Any CPU
		{9EE5230A-24E3-41FF-9A4C-074A6F2B08FE}.Debug|Any CPU.ActiveCfg = Debug|Any CPU
		{9EE5230A-24E3-41FF-9A4C-074A6F2B08FE}.Debug|Any CPU.Build.0 = Debug|Any CPU
		{9EE5230A-24E3-41FF-9A4C-074A6F2B08FE}.Release|Any CPU.ActiveCfg = Release|Any CPU
		{9EE5230A-24E3-41FF-9A4C-074A6F2B08FE}.Release|Any CPU.Build.0 = Release|Any CPU
	EndGlobalSection
	GlobalSection(SolutionProperties) = preSolution
		HideSolutionNode = FALSE
	EndGlobalSection
	GlobalSection(NestedProjects) = preSolution
		{21361F09-999D-4FAB-B1C7-AD98F0EF255E} = {3BF82222-5FDC-4045-BA4D-3F81D3CFB549}
	EndGlobalSection
	GlobalSection(ExtensibilityGlobals) = postSolution
		SolutionGuid = {0077BABF-C79A-4E32-B2D8-59421B37D21B}
	EndGlobalSection
EndGlobal
